
Microsoft Visual Studio Solution File, Format Version 12.00
# Visual Studio 15
VisualStudioVersion = 15.0.27428.2015
MinimumVisualStudioVersion = 10.0.40219.1
Project("{FAE04EC0-301F-11D3-BF4B-00C04F79EFBC}") = "4", "4\4.csproj", "{44EDA6EA-15E1-4D7B-A80B-FB5A76252C8E}"
EndProject
Global
	GlobalSection(SolutionConfigurationPlatforms) = preSolution
		Debug|Any CPU = Debug|Any CPU
		Release|Any CPU = Release|Any CPU
	EndGlobalSection
	GlobalSection(ProjectConfigurationPlatforms) = postSolution
		{44EDA6EA-15E1-4D7B-A80B-FB5A76252C8E}.Debug|Any CPU.ActiveCfg = Debug|Any CPU
		{44EDA6EA-15E1-4D7B-A80B-FB5A76252C8E}.Debug|Any CPU.Build.0 = Debug|Any CPU
		{44EDA6EA-15E1-4D7B-A80B-FB5A76252C8E}.Release|Any CPU.ActiveCfg = Release|Any CPU
		{44EDA6EA-15E1-4D7B-A80B-FB5A76252C8E}.Release|Any CPU.Build.0 = Release|Any CPU
	EndGlobalSection
	GlobalSection(SolutionProperties) = preSolution
		HideSolutionNode = FALSE
	EndGlobalSection
	GlobalSection(ExtensibilityGlobals) = postSolution
		SolutionGuid = {D91D2AF0-14DF-4969-BE23-EE739B0319A4}
	EndGlobalSection
EndGlobal
