
Microsoft Visual Studio Solution File, Format Version 12.00
# Visual Studio 15
VisualStudioVersion = 15.0.27428.2037
MinimumVisualStudioVersion = 10.0.40219.1
Project("{FAE04EC0-301F-11D3-BF4B-00C04F79EFBC}") = "9", "9\9.csproj", "{9F4C6BF1-17BC-474F-B4A0-3FFE8994A306}"
EndProject
Global
	GlobalSection(SolutionConfigurationPlatforms) = preSolution
		Debug|Any CPU = Debug|Any CPU
		Release|Any CPU = Release|Any CPU
	EndGlobalSection
	GlobalSection(ProjectConfigurationPlatforms) = postSolution
		{9F4C6BF1-17BC-474F-B4A0-3FFE8994A306}.Debug|Any CPU.ActiveCfg = Debug|Any CPU
		{9F4C6BF1-17BC-474F-B4A0-3FFE8994A306}.Debug|Any CPU.Build.0 = Debug|Any CPU
		{9F4C6BF1-17BC-474F-B4A0-3FFE8994A306}.Release|Any CPU.ActiveCfg = Release|Any CPU
		{9F4C6BF1-17BC-474F-B4A0-3FFE8994A306}.Release|Any CPU.Build.0 = Release|Any CPU
	EndGlobalSection
	GlobalSection(SolutionProperties) = preSolution
		HideSolutionNode = FALSE
	EndGlobalSection
	GlobalSection(ExtensibilityGlobals) = postSolution
		SolutionGuid = {96897A24-958A-4F03-9222-4B5A86F2DDE6}
	EndGlobalSection
EndGlobal
