
Microsoft Visual Studio Solution File, Format Version 12.00
# Visual Studio 15
VisualStudioVersion = 15.0.27428.2037
MinimumVisualStudioVersion = 10.0.40219.1
Project("{FAE04EC0-301F-11D3-BF4B-00C04F79EFBC}") = "7.1", "7.1\7.1.csproj", "{A601E814-6A77-4708-B33C-954375BF4B06}"
EndProject
Global
	GlobalSection(SolutionConfigurationPlatforms) = preSolution
		Debug|Any CPU = Debug|Any CPU
		Release|Any CPU = Release|Any CPU
	EndGlobalSection
	GlobalSection(ProjectConfigurationPlatforms) = postSolution
		{A601E814-6A77-4708-B33C-954375BF4B06}.Debug|Any CPU.ActiveCfg = Debug|Any CPU
		{A601E814-6A77-4708-B33C-954375BF4B06}.Debug|Any CPU.Build.0 = Debug|Any CPU
		{A601E814-6A77-4708-B33C-954375BF4B06}.Release|Any CPU.ActiveCfg = Release|Any CPU
		{A601E814-6A77-4708-B33C-954375BF4B06}.Release|Any CPU.Build.0 = Release|Any CPU
	EndGlobalSection
	GlobalSection(SolutionProperties) = preSolution
		HideSolutionNode = FALSE
	EndGlobalSection
	GlobalSection(ExtensibilityGlobals) = postSolution
		SolutionGuid = {B6515CB7-5430-48D2-86F2-FE9BDC98A216}
	EndGlobalSection
EndGlobal
