
Microsoft Visual Studio Solution File, Format Version 12.00
# Visual Studio 15
VisualStudioVersion = 15.0.27428.2037
MinimumVisualStudioVersion = 10.0.40219.1
Project("{FAE04EC0-301F-11D3-BF4B-00C04F79EFBC}") = "6.2", "6.3\6.2.csproj", "{2FB5AC46-09AF-40C0-BB6F-D5D3F7F67037}"
EndProject
Global
	GlobalSection(SolutionConfigurationPlatforms) = preSolution
		Debug|Any CPU = Debug|Any CPU
		Release|Any CPU = Release|Any CPU
	EndGlobalSection
	GlobalSection(ProjectConfigurationPlatforms) = postSolution
		{2FB5AC46-09AF-40C0-BB6F-D5D3F7F67037}.Debug|Any CPU.ActiveCfg = Debug|Any CPU
		{2FB5AC46-09AF-40C0-BB6F-D5D3F7F67037}.Debug|Any CPU.Build.0 = Debug|Any CPU
		{2FB5AC46-09AF-40C0-BB6F-D5D3F7F67037}.Release|Any CPU.ActiveCfg = Release|Any CPU
		{2FB5AC46-09AF-40C0-BB6F-D5D3F7F67037}.Release|Any CPU.Build.0 = Release|Any CPU
	EndGlobalSection
	GlobalSection(SolutionProperties) = preSolution
		HideSolutionNode = FALSE
	EndGlobalSection
	GlobalSection(ExtensibilityGlobals) = postSolution
		SolutionGuid = {7DF80348-E99A-4275-85A0-77CCB1B2516D}
	EndGlobalSection
EndGlobal
