
Microsoft Visual Studio Solution File, Format Version 12.00
# Visual Studio 15
VisualStudioVersion = 15.0.26430.6
MinimumVisualStudioVersion = 10.0.40219.1
Project("{FAE04EC0-301F-11D3-BF4B-00C04F79EFBC}") = "AbstractHadler1", "AbstractHadler1\AbstractHadler1.csproj", "{62168A1B-37E6-4EAD-8364-FE50C854CCC9}"
EndProject
Global
	GlobalSection(SolutionConfigurationPlatforms) = preSolution
		Debug|Any CPU = Debug|Any CPU
		Release|Any CPU = Release|Any CPU
	EndGlobalSection
	GlobalSection(ProjectConfigurationPlatforms) = postSolution
		{62168A1B-37E6-4EAD-8364-FE50C854CCC9}.Debug|Any CPU.ActiveCfg = Debug|Any CPU
		{62168A1B-37E6-4EAD-8364-FE50C854CCC9}.Debug|Any CPU.Build.0 = Debug|Any CPU
		{62168A1B-37E6-4EAD-8364-FE50C854CCC9}.Release|Any CPU.ActiveCfg = Release|Any CPU
		{62168A1B-37E6-4EAD-8364-FE50C854CCC9}.Release|Any CPU.Build.0 = Release|Any CPU
	EndGlobalSection
	GlobalSection(SolutionProperties) = preSolution
		HideSolutionNode = FALSE
	EndGlobalSection
EndGlobal
